
Microsoft Visual Studio Solution File, Format Version 12.00
# Visual Studio Version 17
VisualStudioVersion = 17.4.33122.133
MinimumVisualStudioVersion = 10.0.40219.1
Project("{FAE04EC0-301F-11D3-BF4B-00C04F79EFBC}") = "01.Integer_Operations", "01.Integer_Operations\01.Integer_Operations.csproj", "{2BDB29DE-210D-42FE-9F41-EF736EB42238}"
EndProject
Project("{FAE04EC0-301F-11D3-BF4B-00C04F79EFBC}") = "02.Sum_Digits", "..\..\02.Sum_Digits\02.Sum_Digits\02.Sum_Digits.csproj", "{2C75F5A4-7B93-48AB-8ECD-DEFFECA25CDA}"
EndProject
Project("{FAE04EC0-301F-11D3-BF4B-00C04F79EFBC}") = "03.Elevator", "..\..\03.Elevator\03.Elevator\03.Elevator.csproj", "{DC3B0111-EF1B-4A3C-AEBE-3053D3CA3A5C}"
EndProject
Project("{FAE04EC0-301F-11D3-BF4B-00C04F79EFBC}") = "04.Sum_Of_Chars", "..\..\04.Sum_Of_Chars\04.Sum_Of_Chars\04.Sum_Of_Chars.csproj", "{91E372ED-B03A-4622-9C33-E7A4EAF74492}"
EndProject
Project("{FAE04EC0-301F-11D3-BF4B-00C04F79EFBC}") = "05.Print Part of the ASCII Table", "..\..\05.Print_Part_Of_The_ASCII_Table\05.Print Part of the ASCII Table\05.Print Part of the ASCII Table.csproj", "{84BE81D5-4116-4289-8B15-B76C7A58258F}"
EndProject
Project("{FAE04EC0-301F-11D3-BF4B-00C04F79EFBC}") = "06.Triples_Of_Latin_Letters", "..\..\06.Triples_Of_Latin_Letters\06.Triples_Of_Latin_Letters\06.Triples_Of_Latin_Letters.csproj", "{EC8E213C-7A0A-4943-921C-F8E660861E27}"
EndProject
Project("{FAE04EC0-301F-11D3-BF4B-00C04F79EFBC}") = "07.Water_Overflow", "..\..\07.Water_Overflow\07.Water_Overflow\07.Water_Overflow.csproj", "{4C051A5F-A654-40B9-AAA1-E58B02A86EA2}"
EndProject
Project("{FAE04EC0-301F-11D3-BF4B-00C04F79EFBC}") = "08.Beer_Kegs", "..\..\08.Beer_Kegs\08.Beer_Kegs\08.Beer_Kegs.csproj", "{EF5A91BB-080E-436E-BC8B-CDE61CBE4DD4}"
EndProject
Project("{FAE04EC0-301F-11D3-BF4B-00C04F79EFBC}") = "09.Spice_Must_Flow", "..\..\09.Spice_Must_Flow\09.Spice_Must_Flow\09.Spice_Must_Flow.csproj", "{B90FA182-CB48-4E8D-A5EA-921841706D1F}"
EndProject
Project("{FAE04EC0-301F-11D3-BF4B-00C04F79EFBC}") = "10.Poke_Mon", "..\..\10.Poke_Mon\10.Poke_Mon\10.Poke_Mon.csproj", "{12E7BF79-0D86-40B4-A5D4-F3C822247369}"
EndProject
Project("{FAE04EC0-301F-11D3-BF4B-00C04F79EFBC}") = "11.Snowballs", "..\..\11.Snowballs\11.Snowballs\11.Snowballs.csproj", "{027AFCCF-11A5-44F6-9456-1411A0F6DDB0}"
EndProject
Global
	GlobalSection(SolutionConfigurationPlatforms) = preSolution
		Debug|Any CPU = Debug|Any CPU
		Release|Any CPU = Release|Any CPU
	EndGlobalSection
	GlobalSection(ProjectConfigurationPlatforms) = postSolution
		{2BDB29DE-210D-42FE-9F41-EF736EB42238}.Debug|Any CPU.ActiveCfg = Debug|Any CPU
		{2BDB29DE-210D-42FE-9F41-EF736EB42238}.Debug|Any CPU.Build.0 = Debug|Any CPU
		{2BDB29DE-210D-42FE-9F41-EF736EB42238}.Release|Any CPU.ActiveCfg = Release|Any CPU
		{2BDB29DE-210D-42FE-9F41-EF736EB42238}.Release|Any CPU.Build.0 = Release|Any CPU
		{2C75F5A4-7B93-48AB-8ECD-DEFFECA25CDA}.Debug|Any CPU.ActiveCfg = Debug|Any CPU
		{2C75F5A4-7B93-48AB-8ECD-DEFFECA25CDA}.Debug|Any CPU.Build.0 = Debug|Any CPU
		{2C75F5A4-7B93-48AB-8ECD-DEFFECA25CDA}.Release|Any CPU.ActiveCfg = Release|Any CPU
		{2C75F5A4-7B93-48AB-8ECD-DEFFECA25CDA}.Release|Any CPU.Build.0 = Release|Any CPU
		{DC3B0111-EF1B-4A3C-AEBE-3053D3CA3A5C}.Debug|Any CPU.ActiveCfg = Debug|Any CPU
		{DC3B0111-EF1B-4A3C-AEBE-3053D3CA3A5C}.Debug|Any CPU.Build.0 = Debug|Any CPU
		{DC3B0111-EF1B-4A3C-AEBE-3053D3CA3A5C}.Release|Any CPU.ActiveCfg = Release|Any CPU
		{DC3B0111-EF1B-4A3C-AEBE-3053D3CA3A5C}.Release|Any CPU.Build.0 = Release|Any CPU
		{91E372ED-B03A-4622-9C33-E7A4EAF74492}.Debug|Any CPU.ActiveCfg = Debug|Any CPU
		{91E372ED-B03A-4622-9C33-E7A4EAF74492}.Debug|Any CPU.Build.0 = Debug|Any CPU
		{91E372ED-B03A-4622-9C33-E7A4EAF74492}.Release|Any CPU.ActiveCfg = Release|Any CPU
		{91E372ED-B03A-4622-9C33-E7A4EAF74492}.Release|Any CPU.Build.0 = Release|Any CPU
		{84BE81D5-4116-4289-8B15-B76C7A58258F}.Debug|Any CPU.ActiveCfg = Debug|Any CPU
		{84BE81D5-4116-4289-8B15-B76C7A58258F}.Debug|Any CPU.Build.0 = Debug|Any CPU
		{84BE81D5-4116-4289-8B15-B76C7A58258F}.Release|Any CPU.ActiveCfg = Release|Any CPU
		{84BE81D5-4116-4289-8B15-B76C7A58258F}.Release|Any CPU.Build.0 = Release|Any CPU
		{EC8E213C-7A0A-4943-921C-F8E660861E27}.Debug|Any CPU.ActiveCfg = Debug|Any CPU
		{EC8E213C-7A0A-4943-921C-F8E660861E27}.Debug|Any CPU.Build.0 = Debug|Any CPU
		{EC8E213C-7A0A-4943-921C-F8E660861E27}.Release|Any CPU.ActiveCfg = Release|Any CPU
		{EC8E213C-7A0A-4943-921C-F8E660861E27}.Release|Any CPU.Build.0 = Release|Any CPU
		{4C051A5F-A654-40B9-AAA1-E58B02A86EA2}.Debug|Any CPU.ActiveCfg = Debug|Any CPU
		{4C051A5F-A654-40B9-AAA1-E58B02A86EA2}.Debug|Any CPU.Build.0 = Debug|Any CPU
		{4C051A5F-A654-40B9-AAA1-E58B02A86EA2}.Release|Any CPU.ActiveCfg = Release|Any CPU
		{4C051A5F-A654-40B9-AAA1-E58B02A86EA2}.Release|Any CPU.Build.0 = Release|Any CPU
		{EF5A91BB-080E-436E-BC8B-CDE61CBE4DD4}.Debug|Any CPU.ActiveCfg = Debug|Any CPU
		{EF5A91BB-080E-436E-BC8B-CDE61CBE4DD4}.Debug|Any CPU.Build.0 = Debug|Any CPU
		{EF5A91BB-080E-436E-BC8B-CDE61CBE4DD4}.Release|Any CPU.ActiveCfg = Release|Any CPU
		{EF5A91BB-080E-436E-BC8B-CDE61CBE4DD4}.Release|Any CPU.Build.0 = Release|Any CPU
		{B90FA182-CB48-4E8D-A5EA-921841706D1F}.Debug|Any CPU.ActiveCfg = Debug|Any CPU
		{B90FA182-CB48-4E8D-A5EA-921841706D1F}.Debug|Any CPU.Build.0 = Debug|Any CPU
		{B90FA182-CB48-4E8D-A5EA-921841706D1F}.Release|Any CPU.ActiveCfg = Release|Any CPU
		{B90FA182-CB48-4E8D-A5EA-921841706D1F}.Release|Any CPU.Build.0 = Release|Any CPU
		{12E7BF79-0D86-40B4-A5D4-F3C822247369}.Debug|Any CPU.ActiveCfg = Debug|Any CPU
		{12E7BF79-0D86-40B4-A5D4-F3C822247369}.Debug|Any CPU.Build.0 = Debug|Any CPU
		{12E7BF79-0D86-40B4-A5D4-F3C822247369}.Release|Any CPU.ActiveCfg = Release|Any CPU
		{12E7BF79-0D86-40B4-A5D4-F3C822247369}.Release|Any CPU.Build.0 = Release|Any CPU
		{027AFCCF-11A5-44F6-9456-1411A0F6DDB0}.Debug|Any CPU.ActiveCfg = Debug|Any CPU
		{027AFCCF-11A5-44F6-9456-1411A0F6DDB0}.Debug|Any CPU.Build.0 = Debug|Any CPU
		{027AFCCF-11A5-44F6-9456-1411A0F6DDB0}.Release|Any CPU.ActiveCfg = Release|Any CPU
		{027AFCCF-11A5-44F6-9456-1411A0F6DDB0}.Release|Any CPU.Build.0 = Release|Any CPU
	EndGlobalSection
	GlobalSection(SolutionProperties) = preSolution
		HideSolutionNode = FALSE
	EndGlobalSection
	GlobalSection(ExtensibilityGlobals) = postSolution
		SolutionGuid = {8E1D50C6-FCED-4D26-8239-D356EDEF6F03}
	EndGlobalSection
EndGlobal
